
Microsoft Visual Studio Solution File, Format Version 12.00
# Visual Studio 15
VisualStudioVersion = 15.0.27428.2005
MinimumVisualStudioVersion = 10.0.40219.1
Project("{FAE04EC0-301F-11D3-BF4B-00C04F79EFBC}") = "SolidSlate", "SolidSlate\SolidSlate.csproj", "{E9107EE7-76CC-4657-A270-D65CCACEDC6F}"
EndProject
Global
	GlobalSection(SolutionConfigurationPlatforms) = preSolution
		Debug|Any CPU = Debug|Any CPU
		Release|Any CPU = Release|Any CPU
	EndGlobalSection
	GlobalSection(ProjectConfigurationPlatforms) = postSolution
		{E9107EE7-76CC-4657-A270-D65CCACEDC6F}.Debug|Any CPU.ActiveCfg = Debug|Any CPU
		{E9107EE7-76CC-4657-A270-D65CCACEDC6F}.Debug|Any CPU.Build.0 = Debug|Any CPU
		{E9107EE7-76CC-4657-A270-D65CCACEDC6F}.Release|Any CPU.ActiveCfg = Release|Any CPU
		{E9107EE7-76CC-4657-A270-D65CCACEDC6F}.Release|Any CPU.Build.0 = Release|Any CPU
	EndGlobalSection
	GlobalSection(SolutionProperties) = preSolution
		HideSolutionNode = FALSE
	EndGlobalSection
	GlobalSection(ExtensibilityGlobals) = postSolution
		SolutionGuid = {6CD9649A-63A2-4B73-BEF2-97DB75C6A730}
	EndGlobalSection
EndGlobal
